
Microsoft Visual Studio Solution File, Format Version 12.00
# Visual Studio Version 17
VisualStudioVersion = 17.8.34330.188
MinimumVisualStudioVersion = 10.0.40219.1
Project("{FAE04EC0-301F-11D3-BF4B-00C04F79EFBC}") = "Warehouse_ConstructionWarehouseAPI", "Warehouse_ConstructionWarehouseAPI\Warehouse_ConstructionWarehouseAPI.csproj", "{D699CB85-9215-4ACF-9786-9470A8CACA33}"
EndProject
Global
	GlobalSection(SolutionConfigurationPlatforms) = preSolution
		Debug|Any CPU = Debug|Any CPU
		Release|Any CPU = Release|Any CPU
	EndGlobalSection
	GlobalSection(ProjectConfigurationPlatforms) = postSolution
		{D699CB85-9215-4ACF-9786-9470A8CACA33}.Debug|Any CPU.ActiveCfg = Debug|Any CPU
		{D699CB85-9215-4ACF-9786-9470A8CACA33}.Debug|Any CPU.Build.0 = Debug|Any CPU
		{D699CB85-9215-4ACF-9786-9470A8CACA33}.Release|Any CPU.ActiveCfg = Release|Any CPU
		{D699CB85-9215-4ACF-9786-9470A8CACA33}.Release|Any CPU.Build.0 = Release|Any CPU
	EndGlobalSection
	GlobalSection(SolutionProperties) = preSolution
		HideSolutionNode = FALSE
	EndGlobalSection
	GlobalSection(ExtensibilityGlobals) = postSolution
		SolutionGuid = {C91F3762-15AD-4EF1-81D1-A2A9FEA224F0}
	EndGlobalSection
EndGlobal
